{
  "name": "tilepieces",
  "version": "0.1.16",
  "lockfileVersion": 2,
  "requires": true,
  "packages": {
    "": {
      "name": "tilepieces",
      "version": "0.1.16",
      "license": "MIT",
      "dependencies": {
        "@tilepieces-official/node-api": "file:../node-API",
        "@tilepieces-official/node-server": "^0.1.5",
        "open": "^7.0.0"
      },
      "bin": {
        "tilepieces": "bin/tilepieces.js"
      }
    },
    "../node-API": {
      "name": "@tilepieces-official/node-api",
      "version": "0.1.3",
      "license": "MIT",
      "dependencies": {
        "@tilepieces-official/node-server": "latest",
        "busboy": "^1.4.0",
        "fs-extra": "^10.0.1",
        "glob": "^7.1.6",
        "minimatch": "^3.0.4"
      },
      "devDependencies": {
        "open": "^7.0.0"
      }
    },
    "node_modules/@tilepieces-official/node-api": {
      "resolved": "../node-API",
      "link": true
    },
    "node_modules/@tilepieces-official/node-server": {
      "version": "0.1.5",
      "resolved": "https://registry.npmjs.org/@tilepieces-official/node-server/-/node-server-0.1.5.tgz",
      "integrity": "sha512-j/SYSnLqYfAXUhF0p5dNGefjHeNQXh2fUvo/lkJ+JhS5dT7MLYlDofyA8rs26q3thrnbKuPTOkbpMqxiGk7S5A=="
    },
    "node_modules/is-docker": {
      "version": "2.2.1",
      "resolved": "https://registry.npmjs.org/is-docker/-/is-docker-2.2.1.tgz",
      "integrity": "sha512-F+i2BKsFrH66iaUFc0woD8sLy8getkwTwtOBjvs56Cx4CgJDeKQeqfz8wAYiSb8JOprWhHH5p77PbmYCvvUuXQ==",
      "bin": {
        "is-docker": "cli.js"
      },
      "engines": {
        "node": ">=8"
      },
      "funding": {
        "url": "https://github.com/sponsors/sindresorhus"
      }
    },
    "node_modules/is-wsl": {
      "version": "2.2.0",
      "resolved": "https://registry.npmjs.org/is-wsl/-/is-wsl-2.2.0.tgz",
      "integrity": "sha512-fKzAra0rGJUUBwGBgNkHZuToZcn+TtXHpeCgmkMJMMYx1sQDYaCSyjJBSCa2nH1DGm7s3n1oBnohoVTBaN7Lww==",
      "dependencies": {
        "is-docker": "^2.0.0"
      },
      "engines": {
        "node": ">=8"
      }
    },
    "node_modules/open": {
      "version": "7.4.2",
      "resolved": "https://registry.npmjs.org/open/-/open-7.4.2.tgz",
      "integrity": "sha512-MVHddDVweXZF3awtlAS+6pgKLlm/JgxZ90+/NBurBoQctVOOB/zDdVjcyPzQ+0laDGbsWgrRkflI65sQeOgT9Q==",
      "dependencies": {
        "is-docker": "^2.0.0",
        "is-wsl": "^2.1.1"
      },
      "engines": {
        "node": ">=8"
      },
      "funding": {
        "url": "https://github.com/sponsors/sindresorhus"
      }
    }
  },
  "dependencies": {
    "@tilepieces-official/node-api": {
      "version": "file:../node-API",
      "requires": {
        "@tilepieces-official/node-server": "latest",
        "busboy": "^1.4.0",
        "fs-extra": "^10.0.1",
        "glob": "^7.1.6",
        "minimatch": "^3.0.4",
        "open": "^7.0.0"
      }
    },
    "@tilepieces-official/node-server": {
      "version": "0.1.5",
      "resolved": "https://registry.npmjs.org/@tilepieces-official/node-server/-/node-server-0.1.5.tgz",
      "integrity": "sha512-j/SYSnLqYfAXUhF0p5dNGefjHeNQXh2fUvo/lkJ+JhS5dT7MLYlDofyA8rs26q3thrnbKuPTOkbpMqxiGk7S5A=="
    },
    "is-docker": {
      "version": "2.2.1",
      "resolved": "https://registry.npmjs.org/is-docker/-/is-docker-2.2.1.tgz",
      "integrity": "sha512-F+i2BKsFrH66iaUFc0woD8sLy8getkwTwtOBjvs56Cx4CgJDeKQeqfz8wAYiSb8JOprWhHH5p77PbmYCvvUuXQ=="
    },
    "is-wsl": {
      "version": "2.2.0",
      "resolved": "https://registry.npmjs.org/is-wsl/-/is-wsl-2.2.0.tgz",
      "integrity": "sha512-fKzAra0rGJUUBwGBgNkHZuToZcn+TtXHpeCgmkMJMMYx1sQDYaCSyjJBSCa2nH1DGm7s3n1oBnohoVTBaN7Lww==",
      "requires": {
        "is-docker": "^2.0.0"
      }
    },
    "open": {
      "version": "7.4.2",
      "resolved": "https://registry.npmjs.org/open/-/open-7.4.2.tgz",
      "integrity": "sha512-MVHddDVweXZF3awtlAS+6pgKLlm/JgxZ90+/NBurBoQctVOOB/zDdVjcyPzQ+0laDGbsWgrRkflI65sQeOgT9Q==",
      "requires": {
        "is-docker": "^2.0.0",
        "is-wsl": "^2.1.1"
      }
    }
  }
}
